{
  "name": "example",
  "version": "1.0.0",
  "lockfileVersion": 3,
  "requires": true,
  "packages": {
    "": {
      "name": "example",
      "version": "1.0.0",
      "license": "MIT",
      "dependencies": {
        "@marianmeres/store": "^1"
      }
    },
    "node_modules/@marianmeres/pubsub": {
      "version": "2.4.4",
      "resolved": "https://registry.npmjs.org/@marianmeres/pubsub/-/pubsub-2.4.4.tgz",
      "integrity": "sha512-pHFdbJhrGKmfHXwrQQyZcyxKGl5GaNj2ZzMZ+aFm8PLdyVDVN55Cxw8sZWltjwVkxYEn7FCOP5QWZiHVt/XSxA==",
      "license": "MIT"
    },
    "node_modules/@marianmeres/store": {
      "version": "1.8.0",
      "resolved": "https://registry.npmjs.org/@marianmeres/store/-/store-1.8.0.tgz",
      "integrity": "sha512-IUno4zFwtWtRWBFEK4Auq73WpoCFSTfYJX3hexzUa9E8/jcyw7qW7SrBjEttgbpJnfN3WupOUV2L+/ev2j92fQ==",
      "license": "MIT",
      "dependencies": {
        "@marianmeres/pubsub": "^2.1.1"
      }
    }
  }
}
