{
  "version": "5",
  "specifiers": {
    "jsr:@std/assert@^1.0.16": "1.0.16",
    "jsr:@std/fs@^1.0.20": "1.0.20",
    "jsr:@std/internal@^1.0.12": "1.0.12",
    "jsr:@std/path@^1.1.3": "1.1.3",
    "npm:publish@*": "0.6.0"
  },
  "jsr": {
    "@std/assert@1.0.16": {
      "integrity": "6a7272ed1eaa77defe76e5ff63ca705d9c495077e2d5fd0126d2b53fc5bd6532",
      "dependencies": [
        "jsr:@std/internal"
      ]
    },
    "@std/fs@1.0.20": {
      "integrity": "e953206aae48d46ee65e8783ded459f23bec7dd1f3879512911c35e5484ea187",
      "dependencies": [
        "jsr:@std/internal",
        "jsr:@std/path"
      ]
    },
    "@std/internal@1.0.12": {
      "integrity": "972a634fd5bc34b242024402972cd5143eac68d8dffaca5eaa4dba30ce17b027"
    },
    "@std/path@1.1.3": {
      "integrity": "b015962d82a5e6daea980c32b82d2c40142149639968549c649031a230b1afb3",
      "dependencies": [
        "jsr:@std/internal"
      ]
    }
  },
  "npm": {
    "abbrev@1.0.9": {
      "integrity": "sha512-LEyx4aLEC3x6T0UguF6YILf+ntvmOaWsVfENmIW0E9H09vKlLDGelMjjSm0jkDHALj8A8quZ/HapKNigzwge+Q=="
    },
    "abbrev@1.1.1": {
      "integrity": "sha512-nne9/IiQ/hzIhY6pdDnbBtz7DjPTKrY00P/zvPSm5pOFkl6xuGrGnXn/VtTNNfNtAfZ9/1RtehkszU9qcTii0Q=="
    },
    "ansi-regex@2.1.1": {
      "integrity": "sha512-TIGnTpdo+E3+pCyAluZvtED5p5wCqLdezCyhPZzKPcxvFplEt4i+W7OONCKgeZFT3+y5NZZfOOS/Bdcanm1MYA=="
    },
    "ansi-regex@6.1.0": {
      "integrity": "sha512-7HSX4QQb4CspciLpVFwyRe79O3xsIZDDLER21kERQ71oaPodF8jL725AgJMFAYbooIqolJoRLuM81SpeUkpkvA=="
    },
    "ansi-styles@2.2.1": {
      "integrity": "sha512-kmCevFghRiWM7HB5zTPULl4r9bVFSWjz62MhqizDGUrq2NWuNMQyuv4tHHoKJHs69M/MF64lEcHdYIocrdWQYA=="
    },
    "ansi@0.3.1": {
      "integrity": "sha512-iFY7JCgHbepc0b82yLaw4IMortylNb6wG4kL+4R0C3iv6i+RHGHux/yUX5BTiRvSX/shMnngjR1YyNMnXEFh5A=="
    },
    "ansicolors@0.3.2": {
      "integrity": "sha512-QXu7BPrP29VllRxH8GwB7x5iX5qWKAAMLqKQGWTeLWVlNHNOpVMJ91dsxQAIWXpjuW5wqvxu3Jd/nRjrJ+0pqg=="
    },
    "ansistyles@0.1.3": {
      "integrity": "sha512-6QWEyvMgIXX0eO972y7YPBLSBsq7UWKFAoNNTLGaOJ9bstcEL9sCbcjf96dVfNDdUsRoGOK82vWFJlKApXds7g=="
    },
    "archy@1.0.0": {
      "integrity": "sha512-Xg+9RwCg/0p32teKdGMPTPnVXKD0w3DfHnFTficozsAgsvq2XenPJq/MYpzzQ/v8zrOyJn6Ds39VA4JIDwFfqw=="
    },
    "are-we-there-yet@1.0.6": {
      "integrity": "sha512-Zfw6bteqM9gQXZ1BIWOgM8xEwMrUGoyL8nW13+O+OOgNX3YhuDN1GDgg1NzdTlmm3j+9sHy7uBZ12r+z9lXnZQ==",
      "dependencies": [
        "delegates",
        "readable-stream@2.1.5"
      ],
      "deprecated": true
    },
    "are-we-there-yet@1.1.7": {
      "integrity": "sha512-nxwy40TuMiUGqMyRHgCSWZ9FM4VAoRP4xUYSTv5ImRog+h9yISPbVH7H8fASCIzYn9wlEv4zvFL7uKDMCFQm3g==",
      "dependencies": [
        "delegates",
        "readable-stream@2.3.8"
      ],
      "deprecated": true
    },
    "asap@2.0.6": {
      "integrity": "sha512-BSHWgDSAiKs50o2Re8ppvp3seVHXSRM44cdSsT9FfNEUUZLOGWVCsiWaRPWM1Znn+mqZ1OfVZ3z3DWEzSp7hRA=="
    },
    "asn1@0.2.6": {
      "integrity": "sha512-ix/FxPn0MDjeyJ7i/yoHGFt/EX6LyNbxSEhPPXODPL+KB0VPk86UYfL0lMdy+KCnv+fmvIzySwaK5COwqVbWTQ==",
      "dependencies": [
        "safer-buffer"
      ]
    },
    "assert-plus@0.2.0": {
      "integrity": "sha512-u1L0ZLywRziOVjUhRxI0Qg9G+4RnFB9H/Rq40YWn0dieDgO7vAYeJz6jKAO6t/aruzlDFLAPkQTT87e+f8Imaw=="
    },
    "assert-plus@1.0.0": {
      "integrity": "sha512-NfJ4UzBCcQGLDlQq7nHxH+tv3kyZ0hHQqF5BO6J7tNJeP5do1llPr8dZ8zHonfhAu0PHAdMkSo+8o0wxg9lZWw=="
    },
    "async-some@1.0.2": {
      "integrity": "sha512-VbEsqdl4ztEqzb3Cgpk9L81Q4eyMl3XFdA0i+12Qmyw/bNx4aDAJqmIMKXh1mKGJ2IaPvGvN682YKZDaJMLUdA==",
      "dependencies": [
        "dezalgo"
      ]
    },
    "async@2.6.4": {
      "integrity": "sha512-mzo5dfJYwAn29PeiJ0zvwTo04zj8HDJj0Mn8TD7sno7q12prdbnasKJHhkm2c1LgrhlJ0teaea8860oxi51mGA==",
      "dependencies": [
        "lodash"
      ]
    },
    "aws-sign2@0.6.0": {
      "integrity": "sha512-JnJpAS0p9RmixkOvW2XwDxxzs1bd4/VAGIl6Q0EC5YOo+p+hqIhtDhn/nmFnB/xUNXbLkpE2mOjgVIBRKD4xYw=="
    },
    "aws4@1.13.2": {
      "integrity": "sha512-lHe62zvbTB5eEABUVi/AwVh0ZKY9rMMDhmm+eeyuuUQbQ3+J+fONVQOZyj+DdrvD4BY33uYniyRJ4UJIaSKAfw=="
    },
    "balanced-match@1.0.2": {
      "integrity": "sha512-3oSeUO0TMV67hN1AmbXsK4yaqU7tjiHlbxRDZOpH0KW9+CeX4bRAaX0Anxt0tx2MrpRpWwQaPwIlISEJhYU5Pw=="
    },
    "bcrypt-pbkdf@1.0.2": {
      "integrity": "sha512-qeFIXtP4MSoi6NLqO12WfqARWWuCKi2Rn/9hJLEmtB5yTNr9DqFWkJRCf2qShWzPeAMRnOgCrq0sg/KLv5ES9w==",
      "dependencies": [
        "tweetnacl"
      ]
    },
    "bl@1.1.2": {
      "integrity": "sha512-uVVYHEQk+OuWvCi5U+iquVXvvGCWXKawjwELIR2XMLsqfV/e2sGDClVBs8OlGIgGsStPRY/Es311YKYIlYCWAg==",
      "dependencies": [
        "readable-stream@2.0.6"
      ]
    },
    "block-stream@0.0.9": {
      "integrity": "sha512-OorbnJVPII4DuUKbjARAe8u8EfqOmkEEaSFIyoQ7OjTHn6kafxWl0wLgoZ2rXaYd7MyLcDaU4TmhfxtwgcccMQ==",
      "dependencies": [
        "inherits"
      ]
    },
    "boom@2.10.1": {
      "integrity": "sha512-KbiZEa9/vofNcVJXGwdWWn25reQ3V3dHBWbS07FTF3/TOehLnm9GEhJV4T6ZvGPkShRpmUqYwnaCrkj0mRnP6Q==",
      "dependencies": [
        "hoek"
      ],
      "deprecated": true
    },
    "brace-expansion@1.1.11": {
      "integrity": "sha512-iCuPHDFgrHX7H2vEI/5xpz07zSHB00TpugqhmYtVmMO6518mCuRMoOYFldEBl0g187ufozdaHgWKcYFb61qGiA==",
      "dependencies": [
        "balanced-match",
        "concat-map"
      ]
    },
    "buffer-from@1.1.2": {
      "integrity": "sha512-E+XQCRwSbaaiChtv6k6Dwgc+bx+Bs6vuKJHHl5kox/BaKbhiXzqQOwK4cO22yElGp2OCmjwVhT3HmxgyPGnJfQ=="
    },
    "buffer-shims@1.0.0": {
      "integrity": "sha512-Zy8ZXMyxIT6RMTeY7OP/bDndfj6bwCan7SS98CEndS6deHwWPpseeHlwarNcBim+etXnF9HBc1non5JgDaJU1g=="
    },
    "builtin-modules@1.1.1": {
      "integrity": "sha512-wxXCdllwGhI2kCC0MnvTGYTMvnVZTvqgypkiTI8Pa5tcz2i6VqsqwYGgqwXji+4RgCzms6EajE4IxiUH6HH8nQ=="
    },
    "builtins@0.0.7": {
      "integrity": "sha512-T8uCGKc0/2aLVt6omt8JxDRBoWEMkku+wFesxnhxnt4NygVZG99zqxo7ciK8eebszceKamGoUiLdkXCgGQyrQw=="
    },
    "builtins@1.0.3": {
      "integrity": "sha512-uYBjakWipfaO/bXI7E8rq6kpwHRZK5cNYrUv2OzZSI/FvmdMyXJ2tG9dKcjEC5YHmHpUAwsargWIZNWdxb/bnQ=="
    },
    "caseless@0.11.0": {
      "integrity": "sha512-ODLXH644w9C2fMPAm7bMDQ3GRvipZWZfKc+8As6hIadRIelE0n0xZuN38NS6kiK3KPEVrpymmQD8bvncAHWQkQ=="
    },
    "chalk@1.1.3": {
      "integrity": "sha512-U3lRVLMSlsCfjqYPbLyVv11M9CPW4I728d6TCKMAOJueEeB9/8o+eSsMnxPJD+Q+K909sdESg7C+tIkoH6on1A==",
      "dependencies": [
        "ansi-styles",
        "escape-string-regexp",
        "has-ansi",
        "strip-ansi",
        "supports-color"
      ]
    },
    "char-spinner@1.0.1": {
      "integrity": "sha512-acv43vqJ0+N0rD+Uw3pDHSxP30FHrywu2NO6/wBaHChJIizpDeBUd6NjqhNhy9LGaEAhZAXn46QzmlAvIWd16g=="
    },
    "chmodr@1.0.2": {
      "integrity": "sha512-oHosCxCZpaI/Db320r8M5SHHZuVfnFJVwkSGkI81QLnnVg25pDw//NgD4fy1WvvydhZNi2G+jrbNSprRkfbRYA=="
    },
    "chownr@1.0.1": {
      "integrity": "sha512-cKnqUJAC8G6cuN1DiRRTifu+s1BlAQNtalzGphFEV0pl0p46dsxJD4l1AOlyKJeLZOFzo3c34R7F3djxaCu8Kw=="
    },
    "clone@1.0.4": {
      "integrity": "sha512-JQHZ2QMW6l3aH/j6xCqQThY/9OH4D/9ls34cgkUBiEeocRTU04tHfKPBsUK1PqZCUQM7GiA0IIXJSuXHI64Kbg=="
    },
    "cmd-shim@2.0.2": {
      "integrity": "sha512-NLt0ntM0kvuSNrToO0RTFiNRHdioWsLW+OgDAEVDvIivsYwR+AjlzvLaMJ2Z+SNRpV3vdsDrHp1WI00eetDYzw==",
      "dependencies": [
        "graceful-fs",
        "mkdirp"
      ]
    },
    "columnify@1.5.4": {
      "integrity": "sha512-rFl+iXVT1nhLQPfGDw+3WcS8rmm7XsLKUmhsGE3ihzzpIikeGrTaZPIRKYWeLsLBypsHzjXIvYEltVUZS84XxQ==",
      "dependencies": [
        "strip-ansi",
        "wcwidth"
      ]
    },
    "combined-stream@1.0.8": {
      "integrity": "sha512-FQN4MRfuJeHf7cBbBMJFXhKSDq+2kAArBlmRBvcvFE5BB1HZKXtSFASDhdlz9zOYwxh8lDdnvmMOe/+5cdoEdg==",
      "dependencies": [
        "delayed-stream"
      ]
    },
    "commander@2.20.3": {
      "integrity": "sha512-GpVkmM8vF2vQUkj2LvZmD35JxeJOLCwJ9cUkugyk2nuhbv3+mJvpLYYt+0+USMxE+oj+ey/lJEnhZw75x/OMcQ=="
    },
    "concat-map@0.0.1": {
      "integrity": "sha512-/Srv4dswyQNBfohGpz9o6Yb3Gz3SrUDqBH5rTuhGR7ahtlbYKnVxw2bCFMRljaA7EXHaXZ8wsHdodFvbkhKmqg=="
    },
    "concat-stream@1.6.2": {
      "integrity": "sha512-27HBghJxjiZtIk3Ycvn/4kbJk/1uZuJFfuPEns6LaEvpvG1f0hTea8lilrouyo9mVc2GWdcEZ8OLoGmSADlrCw==",
      "dependencies": [
        "buffer-from",
        "inherits",
        "readable-stream@2.3.8",
        "typedarray"
      ]
    },
    "config-chain@1.1.13": {
      "integrity": "sha512-qj+f8APARXHrM0hraqXYb2/bOVSV4PvJQlNZ/DVj0QrmNM2q2euizkeuVckQ57J+W0mRH6Hvi+k50M4Jul2VRQ==",
      "dependencies": [
        "ini",
        "proto-list"
      ]
    },
    "core-util-is@1.0.2": {
      "integrity": "sha512-3lqz5YjWTYnW6dlDa5TLaTCcShfar1e40rmcJVwCBJC6mWlFuj0eCHIElmG1g5kyuJ/GD+8Wn4FFCcz4gJPfaQ=="
    },
    "core-util-is@1.0.3": {
      "integrity": "sha512-ZQBvi1DcpJ4GDqanjucZ2Hj3wEO5pZDS89BWbkcrvdxksJorwUDDZamX9ldFkp9aw2lmBDLgkObEA4DWNJ9FYQ=="
    },
    "cryptiles@2.0.5": {
      "integrity": "sha512-FFN5KwpvvQTTS5hWPxrU8/QE4kQUc6uwZcrnlMBN82t1MgAtq8mnoDwINBly9Tdr02seeIIhtdF+UH1feBYGog==",
      "dependencies": [
        "boom"
      ],
      "deprecated": true
    },
    "dashdash@1.14.1": {
      "integrity": "sha512-jRFi8UDGo6j+odZiEpjazZaWqEal3w/basFjQHQEwVtZJGDpxbH1MeYluwCS8Xq5wmLJooDlMgvVarmWfGM44g==",
      "dependencies": [
        "assert-plus@1.0.0"
      ]
    },
    "debuglog@1.0.1": {
      "integrity": "sha512-syBZ+rnAK3EgMsH2aYEOLUW7mZSY9Gb+0wUMCFsZvcmiz+HigA0LOcq/HoQqVuGG+EKykunc7QG2bzrponfaSw==",
      "deprecated": true
    },
    "defaults@1.0.4": {
      "integrity": "sha512-eFuaLoy/Rxalv2kr+lqMlUnrDWV+3j4pljOIJgLIhI058IQfWJ7vXhyEIHu+HtC738klGALYxOKDO0bQP3tg8A==",
      "dependencies": [
        "clone"
      ]
    },
    "delayed-stream@1.0.0": {
      "integrity": "sha512-ZySD7Nf91aLB0RxL4KGrKHBXl7Eds1DAmEdcoVawXnLD7SDhpNgtuII2aAkg7a7QS41jxPSZ17p4VdGnMHk3MQ=="
    },
    "delegates@1.0.0": {
      "integrity": "sha512-bd2L678uiWATM6m5Z1VzNCErI3jiGzt6HGY8OVICs40JQq/HALfbyNJmp0UDakEY4pMMaN0Ly5om/B1VI/+xfQ=="
    },
    "dezalgo@1.0.4": {
      "integrity": "sha512-rXSP0bf+5n0Qonsb+SVVfNfIsimO4HEtmnIpPHY8Q1UCzKlQrDMfdobr8nJOOsRgWCyMRqeSBQzmWUMq7zvVig==",
      "dependencies": [
        "asap",
        "wrappy"
      ]
    },
    "ecc-jsbn@0.1.2": {
      "integrity": "sha512-eh9O+hwRHNbG4BLTjEl3nw044CkGm5X6LoaCf7LPp7UU8Qrt47JYNi6nPX8xjW97TKGKm1ouctg0QSpZe9qrnw==",
      "dependencies": [
        "jsbn",
        "safer-buffer"
      ]
    },
    "editor@1.0.0": {
      "integrity": "sha512-SoRmbGStwNYHgKfjOrX2L0mUvp9bUVv0uPppZSOMAntEbcFtoC3MKF5b3T6HQPXKIV+QGY3xPO3JK5it5lVkuw=="
    },
    "escape-string-regexp@1.0.5": {
      "integrity": "sha512-vbRorB5FUQWvla16U8R/qgaFIya2qGzwDrNmCZuYKrbdSUMG6I1ZCGQRefkRVhuOkIGVne7BQ35DSfo1qvJqFg=="
    },
    "extend@3.0.2": {
      "integrity": "sha512-fjquC59cD7CyW6urNXK0FBufkZcoiGG80wTuPujX590cB5Ttln20E2UB4S/WARVqhXffZl2LNgS+gQdPIIim/g=="
    },
    "extsprintf@1.3.0": {
      "integrity": "sha512-11Ndz7Nv+mvAC1j0ktTa7fAb0vLyGGX+rMHNBYQviQDGU0Hw7lhctJANqbPhu9nV9/izT/IntTgZ7Im/9LJs9g=="
    },
    "forever-agent@0.6.1": {
      "integrity": "sha512-j0KLYPhm6zeac4lz3oJ3o65qvgQCcPubiyotZrXqEaG4hNagNYO8qdlUrX5vwqv9ohqeT/Z3j6+yW067yWWdUw=="
    },
    "form-data@1.0.1": {
      "integrity": "sha512-M4Yhq2mLogpCtpUmfopFlTTuIe6mSCTgKvnlMhDj3NcgVhA1uS20jT0n+xunKPzpmL5w2erSVtp+SKiJf1TlWg==",
      "dependencies": [
        "async",
        "combined-stream",
        "mime-types"
      ]
    },
    "fs-vacuum@1.2.10": {
      "integrity": "sha512-bwbv1FcWYwxN1F08I1THN8nS4Qe/pGq0gM8dy1J34vpxxp3qgZKJPPaqex36RyZO0sD2J+2ocnbwC2d/OjYICQ==",
      "dependencies": [
        "graceful-fs",
        "path-is-inside",
        "rimraf"
      ],
      "deprecated": true
    },
    "fs-write-stream-atomic@1.0.10": {
      "integrity": "sha512-gehEzmPn2nAwr39eay+x3X34Ra+M2QlVUTLhkXPjWdeO8RF9kszk116avgBJM3ZyNHgHXBNx+VmPaFC36k0PzA==",
      "dependencies": [
        "graceful-fs",
        "iferr",
        "imurmurhash",
        "readable-stream@2.1.5"
      ],
      "deprecated": true
    },
    "fs.realpath@1.0.0": {
      "integrity": "sha512-OO0pH2lK6a0hZnAdau5ItzHPI6pUlvI7jMVnxUQRtw4owF2wk8lOSabtGDCTP4Ggrg2MbGnWO9X8K1t4+fGMDw=="
    },
    "fstream-ignore@1.0.5": {
      "integrity": "sha512-VVRuOs41VUqptEGiR0N5ZoWEcfGvbGRqLINyZAhHRnF3DH5wrqjNkYr3VbRoZnI41BZgO7zIVdiobc13TVI1ow==",
      "dependencies": [
        "fstream",
        "inherits",
        "minimatch@3.0.8"
      ],
      "deprecated": true
    },
    "fstream-npm@1.1.1": {
      "integrity": "sha512-zKZuzxog3e6wPg22PC1UoI+efTOCtngC2b6qAZpUZu3t9oB3A+MuLIUosVPPFVmq6+WZsHZ3h1bhGazc4E9a7Q==",
      "dependencies": [
        "fstream-ignore",
        "inherits"
      ],
      "deprecated": true
    },
    "fstream@1.0.12": {
      "integrity": "sha512-WvJ193OHa0GHPEL+AycEJgxvBEwyfRkN1vhjca23OaPVMCaLCXTd5qAu82AjTcgP1UJmytkOKb63Ypde7raDIg==",
      "dependencies": [
        "graceful-fs",
        "inherits",
        "mkdirp",
        "rimraf"
      ],
      "deprecated": true
    },
    "gauge@1.2.7": {
      "integrity": "sha512-fVbU2wRE91yDvKUnrIaQlHKAWKY5e08PmztCrwuH5YVQ+Z/p3d0ny2T48o6uvAAXHIUnfaQdHkmxYbQft1eHVA==",
      "dependencies": [
        "ansi",
        "has-unicode",
        "lodash.pad",
        "lodash.padend",
        "lodash.padstart"
      ],
      "deprecated": true
    },
    "generate-function@2.3.1": {
      "integrity": "sha512-eeB5GfMNeevm/GRYq20ShmsaGcmI81kIX2K9XQx5miC8KdHaC6Jm0qQ8ZNeGOi7wYB8OsdxKs+Y2oVuTFuVwKQ==",
      "dependencies": [
        "is-property"
      ]
    },
    "generate-object-property@1.2.0": {
      "integrity": "sha512-TuOwZWgJ2VAMEGJvAyPWvpqxSANF0LDpmyHauMjFYzaACvn+QTT/AZomvPCzVBV7yDN3OmwHQ5OvHaeLKre3JQ==",
      "dependencies": [
        "is-property"
      ]
    },
    "getpass@0.1.7": {
      "integrity": "sha512-0fzj9JxOLfJ+XGLhR8ze3unN0KZCgZwiSSDz168VERjK8Wl8kVSdcu2kspd4s4wtAa1y/qrVRiAA0WclVsu0ng==",
      "dependencies": [
        "assert-plus@1.0.0"
      ]
    },
    "github-url-from-git@1.4.0": {
      "integrity": "sha512-Vd1uAwEIbUaaYodSvEZRgMOdLUvY7+kZ+PuJNPVBXldTuVcHFtcLENvl2Ds9KKO9q6Ld2o+eVmA/wabaN3/2mQ=="
    },
    "github-url-from-username-repo@1.0.2": {
      "integrity": "sha512-Tj8CQqRoFVTglGdQ8FQmfq8gOOoOYZX7tnOKP8jq8Hdz2OTDhxvtlkLAbrqMYZ7X/YdaYQoUG1IBWxISBfqZ+Q=="
    },
    "glob@7.0.6": {
      "integrity": "sha512-f8c0rE8JiCxpa52kWPAOa3ZaYEnzofDzCQLCn3Vdk0Z5OVLq3BsRFJI4S4ykpeVW6QMGBUkMeUpoEgWnMTnw5Q==",
      "dependencies": [
        "fs.realpath",
        "inflight",
        "inherits",
        "minimatch@3.0.8",
        "once",
        "path-is-absolute"
      ],
      "deprecated": true
    },
    "glob@7.2.3": {
      "integrity": "sha512-nFR0zLpU2YCaRxwoCJvL6UvCH2JFyFVIvwTLsIf21AuHlMskA1hhTdk+LlYJtOlYt9v6dvszD2BGRqBL+iQK9Q==",
      "dependencies": [
        "fs.realpath",
        "inflight",
        "inherits",
        "minimatch@3.1.2",
        "once",
        "path-is-absolute"
      ],
      "deprecated": true
    },
    "graceful-fs@4.1.15": {
      "integrity": "sha512-6uHUhOPEBgQ24HM+r6b/QwWfZq+yiFcipKFrOFiBEnWdy5sdzYoi+pJeQaPI5qOLRFqWmAXUPQNsielzdLoecA=="
    },
    "har-validator@2.0.6": {
      "integrity": "sha512-P6tFV+wCcUL3nbyTDAvveDySfbhy0XkDtAIfZP6HITjM2WUsiPna/Eg1Yy93SFXvahqoX+kt0n+6xlXKDXYowA==",
      "dependencies": [
        "chalk",
        "commander",
        "is-my-json-valid",
        "pinkie-promise"
      ],
      "deprecated": true,
      "bin": true
    },
    "has-ansi@2.0.0": {
      "integrity": "sha512-C8vBJ8DwUCx19vhm7urhTuUsr4/IyP6l4VzNQDv+ryHQObW3TTTp9yB68WpYgRe2bbaGuZ/se74IqFeVnMnLZg==",
      "dependencies": [
        "ansi-regex@2.1.1"
      ]
    },
    "has-unicode@2.0.1": {
      "integrity": "sha512-8Rf9Y83NBReMnx0gFzA8JImQACstCYWUplepDa9xprwwtmgEZUF0h/i5xSA625zB/I37EtrswSST6OXxwaaIJQ=="
    },
    "hawk@3.1.3": {
      "integrity": "sha512-X8xbmTc1cbPXcQV4WkLcRMALuyoxhfpFATmyuCxJPOAvrDS4DNnsTAOmKUxMTOWU6TzrTOkxPKwIx5ZOpJVSrg==",
      "dependencies": [
        "boom",
        "cryptiles",
        "hoek",
        "sntp"
      ],
      "deprecated": true
    },
    "hoek@2.16.3": {
      "integrity": "sha512-V6Yw1rIcYV/4JsnggjBU0l4Kr+EXhpwqXRusENU1Xx6ro00IHPHYNynCuBTOZAPlr3AAmLvchH9I7N/VUdvOwQ==",
      "deprecated": true
    },
    "hosted-git-info@2.1.5": {
      "integrity": "sha512-5sLwVGWIA8493A2PzG/py8s+uBrYqrwmLp6C6U5+Gpw5Ll49OOigsuD4LKbUTExbgedTNPvPb/0GV5ohHYYNBg=="
    },
    "http-signature@1.1.1": {
      "integrity": "sha512-iUn0NcRULlDGtqNLN1Jxmzayk8ogm7NToldASyZBpM2qggbphjXzNOiw3piN8tgz+e/DRs6X5gAzFwTI6BCRcg==",
      "dependencies": [
        "assert-plus@0.2.0",
        "jsprim",
        "sshpk"
      ]
    },
    "iferr@0.1.5": {
      "integrity": "sha512-DUNFN5j7Tln0D+TxzloUjKB+CtVu6myn0JEFak6dG18mNt9YkQ6lzGCdafwofISZ1lLF3xRHJ98VKy9ynkcFaA=="
    },
    "imurmurhash@0.1.4": {
      "integrity": "sha512-JmXMZ6wuvDmLiHEml9ykzqO6lwFbof0GG4IkcGaENdCRDDmMVnny7s5HsIgHCbaq0w2MyPhDqkhTUgS2LU2PHA=="
    },
    "inflight@1.0.6": {
      "integrity": "sha512-k92I/b08q4wvFscXCLvqfsHCrjrF7yiXsQuIVvVE7N82W3+aqpzuUdBbfhWcy/FZR3/4IgflMgKLOsvPDrGCJA==",
      "dependencies": [
        "once",
        "wrappy"
      ],
      "deprecated": true
    },
    "inherits@2.0.4": {
      "integrity": "sha512-k/vGaX4/Yla3WzyMCvTQOXYeIHvqOKtnqBduzTHpzpQZzAskKMhZ2K+EnBiSM9zGSoIFeMpXKxa4dYeZIQqewQ=="
    },
    "ini@1.3.8": {
      "integrity": "sha512-JV/yugV2uzW5iMRSiZAyDtQd+nxtUnjeLt0acNdw98kKLrvuRVyB80tsREOE7yvGVgalhZ6RNXCmEHkUKBKxew=="
    },
    "init-package-json@1.9.6": {
      "integrity": "sha512-ocaj90F9qTLDpkhhy+ZemKVexbybm2S0fo65/v13KJDI75kyB7eb8ShhRkxZrbGzzS9833A+o5Bus8aFdQEfOg==",
      "dependencies": [
        "glob@7.2.3",
        "npm-package-arg",
        "promzard",
        "read",
        "read-package-json",
        "semver@5.1.1",
        "validate-npm-package-license",
        "validate-npm-package-name@3.0.0"
      ]
    },
    "is-builtin-module@1.0.0": {
      "integrity": "sha512-C2wz7Juo5pUZTFQVer9c+9b4qw3I5T/CHQxQyhVu7BJel6C22FmsLIWsdseYyOw6xz9Pqy9eJWSkQ7+3iN1HVw==",
      "dependencies": [
        "builtin-modules"
      ]
    },
    "is-my-ip-valid@1.0.1": {
      "integrity": "sha512-jxc8cBcOWbNK2i2aTkCZP6i7wkHF1bqKFrwEHuN5Jtg5BSaZHUZQ/JTOJwoV41YvHnOaRyWWh72T/KvfNz9DJg=="
    },
    "is-my-json-valid@2.20.6": {
      "integrity": "sha512-1JQwulVNjx8UqkPE/bqDaxtH4PXCe/2VRh/y3p99heOV87HG4Id5/VfDswd+YiAfHcRTfDlWgISycnHuhZq1aw==",
      "dependencies": [
        "generate-function",
        "generate-object-property",
        "is-my-ip-valid",
        "jsonpointer",
        "xtend"
      ]
    },
    "is-property@1.0.2": {
      "integrity": "sha512-Ks/IoX00TtClbGQr4TWXemAnktAQvYB7HzcCxDGqEZU6oCmb2INHuOoKxbtR+HFkmYWBKv/dOZtGRiAjDhj92g=="
    },
    "is-typedarray@1.0.0": {
      "integrity": "sha512-cyA56iCMHAh5CdzjJIa4aohJyeO1YbwLi3Jc35MmRU6poroFjIGZzUzupGiRPOjgHg9TLu43xbpwXk523fMxKA=="
    },
    "isarray@1.0.0": {
      "integrity": "sha512-VLghIWNM6ELQzo7zwmcg0NmTVyWKYjvIeM83yjp0wRDTmUnrM678fQbcKBo6n2CJEF0szoG//ytg+TKla89ALQ=="
    },
    "isexe@2.0.0": {
      "integrity": "sha512-RHxMLp9lnKHGHRng9QFhRCMbYAcVpn69smSGcq3f36xjgVVWThj4qqLbTLlq7Ssj8B+fIQ1EuCEGI2lKsyQeIw=="
    },
    "isstream@0.1.2": {
      "integrity": "sha512-Yljz7ffyPbrLpLngrMtZ7NduUgVvi6wG9RJ9IUcyCd59YQ911PBJphODUcbOVbqYfxe1wuYf/LJ8PauMRwsM/g=="
    },
    "jsbn@0.1.1": {
      "integrity": "sha512-UVU9dibq2JcFWxQPA6KCqj5O42VOmAY3zQUfEKxU0KpTGXwNoCjkX1e13eHNvw/xPynt6pU0rZ1htjWTNTSXsg=="
    },
    "json-parse-better-errors@1.0.2": {
      "integrity": "sha512-mrqyZKfX5EhL7hvqcV6WG1yYjnjeuYDzDhhcAAUrq8Po85NBQBJP+ZDUT75qZQ98IkUoBqdkExkukOU7Ts2wrw=="
    },
    "json-schema@0.4.0": {
      "integrity": "sha512-es94M3nTIfsEPisRafak+HDLfHXnKBhV3vU5eqPcS3flIWqcxJWgXHXiey3YrpaNsanY5ei1VoYEbOzijuq9BA=="
    },
    "json-stringify-safe@5.0.1": {
      "integrity": "sha512-ZClg6AaYvamvYEE82d3Iyd3vSSIjQ+odgjaTzRuO3s7toCdFKczob2i0zCh7JE8kWn17yvAWhUVxvqGwUalsRA=="
    },
    "jsonpointer@5.0.1": {
      "integrity": "sha512-p/nXbhSEcu3pZRdkW1OfJhpsVtW1gd4Wa1fnQc9YLiTfAjn0312eMKimbdIQzuZl9aa9xUGaRlP9T/CJE/ditQ=="
    },
    "jsprim@1.4.2": {
      "integrity": "sha512-P2bSOMAc/ciLz6DzgjVlGJP9+BrJWu5UDGK70C2iweC5QBIeFf0ZXRvGjEj2uYgrY2MkAAhsSWHDWlFtEroZWw==",
      "dependencies": [
        "assert-plus@1.0.0",
        "extsprintf",
        "json-schema",
        "verror"
      ]
    },
    "lockfile@1.0.4": {
      "integrity": "sha512-cvbTwETRfsFh4nHsL1eGWapU1XFi5Ot9E85sWAwia7Y7EgB7vfqcZhTKZ+l7hCGxSPoushMv5GKhT5PdLv03WA==",
      "dependencies": [
        "signal-exit"
      ]
    },
    "lodash.pad@4.5.1": {
      "integrity": "sha512-mvUHifnLqM+03YNzeTBS1/Gr6JRFjd3rRx88FHWUvamVaT9k2O/kXha3yBSOwB9/DTQrSTLJNHvLBBt2FdX7Mg=="
    },
    "lodash.padend@4.6.1": {
      "integrity": "sha512-sOQs2aqGpbl27tmCS1QNZA09Uqp01ZzWfDUoD+xzTii0E7dSQfRKcRetFwa+uXaxaqL+TKm7CgD2JdKP7aZBSw=="
    },
    "lodash.padstart@4.6.1": {
      "integrity": "sha512-sW73O6S8+Tg66eY56DBk85aQzzUJDtpoXFBgELMd5P/SotAguo+1kYO6RuYgXxA4HJH3LFTFPASX6ET6bjfriw=="
    },
    "lodash@4.17.21": {
      "integrity": "sha512-v2kDEe57lecTulaDIuNTPy3Ry4gLGJ6Z1O3vE1krgXZNrsQ+LFTGHVxVjcXPs17LhbZVGedAJv8XZ1tvj5FvSg=="
    },
    "lru-cache@4.0.2": {
      "integrity": "sha512-uQw9OqphAGiZhkuPlpFGmdTU2tEuhxTourM/19qGJrxBPHAr/f8BT1a0i/lOclESnGatdJG/UCkP9kZB/Lh1iw==",
      "dependencies": [
        "pseudomap",
        "yallist"
      ]
    },
    "mime-db@1.52.0": {
      "integrity": "sha512-sPU4uV7dYlvtWJxwwxHD0PuihVNiE7TyAbQ5SWxDCB9mUYvOgroQOwYQQOKPJ8CIbE+1ETVlOoK1UC2nU3gYvg=="
    },
    "mime-types@2.1.35": {
      "integrity": "sha512-ZDY+bPm5zTTF+YpCrAU9nK0UgICYPT0QtT1NZWFv4s++TNkcgVaT0g6+4R2uI4MjQjzysHB1zxuWL50hzaeXiw==",
      "dependencies": [
        "mime-db"
      ]
    },
    "minimatch@3.0.8": {
      "integrity": "sha512-6FsRAQsxQ61mw+qP1ZzbL9Bc78x2p5OqNgNpnoAFLTrX8n5Kxph0CsnhmKKNXTWjXqU5L0pGPR7hYk+XWZr60Q==",
      "dependencies": [
        "brace-expansion"
      ]
    },
    "minimatch@3.1.2": {
      "integrity": "sha512-J7p63hRiAjw1NDEww1W7i37+ByIrOWO5XQQAzZ3VOcL0PNybwpfmV/N05zFAzwQ9USyEcX6t3UO+K5aqBQOIHw==",
      "dependencies": [
        "brace-expansion"
      ]
    },
    "minimist@1.2.8": {
      "integrity": "sha512-2yyAR8qBkN3YuheJanUpWC5U3bb5osDywNB8RzDVlDwDHbocAJveqqj1u8+SVD7jkWT4yvsHCpWqqWqAxb0zCA=="
    },
    "mkdirp@0.5.6": {
      "integrity": "sha512-FP+p8RB8OWpF3YZBCrP5gtADmtXApB5AMLn+vdyA+PyxCjrCs00mjyUozssO33cwDeT3wNGdLxJ5M//YqtHAJw==",
      "dependencies": [
        "minimist"
      ],
      "bin": true
    },
    "mute-stream@0.0.8": {
      "integrity": "sha512-nnbWWOkoWyUsTjKrhgD0dcz22mdkSnpYqbEjIm2nhwhuxlSkpywJmBo8h0ZqJdkp73mb90SssHkN4rsRaBAfAA=="
    },
    "node-gyp@3.6.3": {
      "integrity": "sha512-7789TDMqJpv5iHxn1cAESCBEC/sBHAFxAvgXAcvzWenEWl0qf6E2Kk/Xwdl5ZclktUJzxJPVa27OMkBvaHKqCQ==",
      "dependencies": [
        "fstream",
        "glob@7.2.3",
        "graceful-fs",
        "minimatch@3.0.8",
        "mkdirp",
        "nopt",
        "npmlog@2.0.4",
        "osenv",
        "request",
        "rimraf",
        "semver@5.3.0",
        "tar",
        "which"
      ],
      "bin": true
    },
    "node-uuid@1.4.8": {
      "integrity": "sha512-TkCET/3rr9mUuRp+CpO7qfgT++aAxfDRaalQhwPFzI9BY/2rCDn6OfpZOVggi1AXfTPpfkTrg5f5WQx5G1uLxA==",
      "deprecated": true,
      "bin": true
    },
    "nopt@3.0.6": {
      "integrity": "sha512-4GUt3kSEYmk4ITxzB/b9vaIDfUVWN/Ml1Fwl11IlnIG2iaJ9O6WXZ9SrYM9NLI8OCBieN2Y8SWC2oJV0RQ7qYg==",
      "dependencies": [
        "abbrev@1.1.1"
      ],
      "bin": true
    },
    "normalize-git-url@3.0.2": {
      "integrity": "sha512-UEmKT33ssKLLoLCsFJ4Si4fmNQsedNwivXpuNTR4V1I97jU9WZlicTV1xn5QAG5itE5B3Z9zhl8OItP6wIGkRA==",
      "deprecated": true
    },
    "normalize-package-data@2.3.8": {
      "integrity": "sha512-tRXZ2ujyDLIynwO6Dw81AvuedQ6tLgfdD5GCvT4K6yOFgYeanngGfW+eeqd9msmRgUuiZxd5kwrQrb2nsncOZw==",
      "dependencies": [
        "hosted-git-info",
        "is-builtin-module",
        "semver@5.3.0",
        "validate-npm-package-license"
      ]
    },
    "npm-cache-filename@1.0.2": {
      "integrity": "sha512-5v2y1KG06izpGvZJDSBR5q1Ej+NaPDO05yAAWBJE6+3eiId0R176Gz3Qc2vEmJnE+VGul84g6Qpq8fXzD82/JA==",
      "deprecated": true
    },
    "npm-install-checks@1.0.7": {
      "integrity": "sha512-IyaSpkt3NMXaXezbnHxwEZ6HBWpQFlKBUZ0ZEoUCyq3LoAaZEWJ2mchhJPauuvevhkvi8SNW67FiWZLpUhJ82w==",
      "dependencies": [
        "npmlog@2.0.4",
        "semver@5.3.0"
      ]
    },
    "npm-package-arg@4.1.1": {
      "integrity": "sha512-sKJDnYGLVs+x2ITFUtVB7kk70F4atWShCs55uhrrt2oP1hRMdYLWIzBGUSDSsT4ZASPcdhr8xRQ2r9JY6ouq7Q==",
      "dependencies": [
        "hosted-git-info",
        "semver@5.3.0"
      ]
    },
    "npm-registry-client@7.2.1": {
      "integrity": "sha512-igXKTHWr0ipuL+pKNRBV2p2H4xqfnpVtYiWQmTKfq5/eFmZxKh9U+PyoqdKzqyvPTFLNQVqMGy5W5GjOr1Ukeg==",
      "dependencies": [
        "concat-stream",
        "graceful-fs",
        "normalize-package-data",
        "npm-package-arg",
        "once",
        "request",
        "retry",
        "semver@5.3.0",
        "slide"
      ],
      "optionalDependencies": [
        "npmlog@2.0.4"
      ],
      "deprecated": true
    },
    "npm-user-validate@0.1.5": {
      "integrity": "sha512-86IbFCunHe+6drSd71Aafs8H8xg55lHE9O1/6VS4s+OsBh53xEtQNY1lspkgoaO2b3hhfvDW2FA0eS47inrs1w=="
    },
    "npm@2.15.12": {
      "integrity": "sha512-WMoAJ518W0vHjWy1abYnTeyG9YQpSoYGPxAx7d0C0L7U7Jo44bZsrvTjccmDohCJGxpasdKfqsKsl6o/RUPx6A==",
      "dependencies": [
        "abbrev@1.0.9",
        "ansi",
        "ansi-regex@6.1.0",
        "ansicolors",
        "ansistyles",
        "archy",
        "async-some",
        "block-stream",
        "char-spinner",
        "chmodr",
        "chownr",
        "cmd-shim",
        "columnify",
        "config-chain",
        "dezalgo",
        "editor",
        "fs-vacuum",
        "fs-write-stream-atomic",
        "fstream",
        "fstream-npm",
        "github-url-from-git",
        "github-url-from-username-repo",
        "glob@7.0.6",
        "graceful-fs",
        "hosted-git-info",
        "imurmurhash",
        "inflight",
        "inherits",
        "ini",
        "init-package-json",
        "lockfile",
        "lru-cache",
        "minimatch@3.0.8",
        "mkdirp",
        "node-gyp",
        "nopt",
        "normalize-git-url",
        "normalize-package-data",
        "npm-cache-filename",
        "npm-install-checks",
        "npm-package-arg",
        "npm-registry-client",
        "npm-user-validate",
        "npmlog@2.0.4",
        "once",
        "opener",
        "osenv",
        "path-is-inside",
        "read",
        "read-installed",
        "read-package-json",
        "readable-stream@2.1.5",
        "realize-package-specifier",
        "request",
        "retry",
        "rimraf",
        "semver@5.1.1",
        "sha",
        "slide",
        "sorted-object",
        "spdx-license-ids@1.2.2",
        "strip-ansi",
        "tar",
        "text-table",
        "uid-number",
        "umask",
        "validate-npm-package-license",
        "validate-npm-package-name@2.2.2",
        "which",
        "wrappy",
        "write-file-atomic"
      ],
      "bin": true
    },
    "npmlog@1.2.1": {
      "integrity": "sha512-1J5KqSRvESP6XbjPaXt2H6qDzgizLTM7x0y1cXIjP2PpvdCqyNC7TO3cPRKsuYlElbi/DwkzRRdG2zpmE0IktQ==",
      "dependencies": [
        "ansi",
        "are-we-there-yet@1.0.6",
        "gauge"
      ],
      "deprecated": true
    },
    "npmlog@2.0.4": {
      "integrity": "sha512-DaL6RTb8Qh4tMe2ttPT1qWccETy2Vi5/8p+htMpLBeXJTr2CAqnF5WQtSP2eFpvaNbhLZ5uilDb98mRm4Q+lZQ==",
      "dependencies": [
        "ansi",
        "are-we-there-yet@1.1.7",
        "gauge"
      ],
      "deprecated": true
    },
    "oauth-sign@0.8.2": {
      "integrity": "sha512-VlF07iu3VV3+BTXj43Nmp6Irt/G7j/NgEctUS6IweH1RGhURjjCc2NWtzXFPXXWWfc7hgbXQdtiQu2LGp6MxUg=="
    },
    "once@1.4.0": {
      "integrity": "sha512-lNaJgI+2Q5URQBkccEKHTQOPaXdUxnZZElQTZY0MFUAuaEqe1E+Nyvgdz/aIyNi6Z9MzO5dv1H8n58/GELp3+w==",
      "dependencies": [
        "wrappy"
      ]
    },
    "opener@1.4.3": {
      "integrity": "sha512-4Im9TrPJcjAYyGR5gBe3yZnBzw5n3Bfh1ceHHGNOpMurINKc6RdSIPXMyon4BZacJbJc36lLkhipioGbWh5pwg==",
      "bin": true
    },
    "os-homedir@1.0.2": {
      "integrity": "sha512-B5JU3cabzk8c67mRRd3ECmROafjYMXbuzlwtqdM8IbS8ktlTix8aFGb2bAGKrSRIlnfKwovGUUr72JUPyOb6kQ=="
    },
    "os-tmpdir@1.0.2": {
      "integrity": "sha512-D2FR03Vir7FIu45XBY20mTb+/ZSWB00sjU9jdQXt83gDrI4Ztz5Fs7/yy74g2N5SVQY4xY1qDr4rNddwYRVX0g=="
    },
    "osenv@0.1.5": {
      "integrity": "sha512-0CWcCECdMVc2Rw3U5w9ZjqX6ga6ubk1xDVKxtBQPK7wis/0F2r9T6k4ydGYhecl7YUBxBVxhL5oisPsNxAPe2g==",
      "dependencies": [
        "os-homedir",
        "os-tmpdir"
      ],
      "deprecated": true
    },
    "path-is-absolute@1.0.1": {
      "integrity": "sha512-AVbw3UJ2e9bq64vSaS9Am0fje1Pa8pbGqTTsmXfaIiMpnr5DlDhfJOuLj9Sf95ZPVDAUerDfEk88MPmPe7UCQg=="
    },
    "path-is-inside@1.0.2": {
      "integrity": "sha512-DUWJr3+ULp4zXmol/SZkFf3JGsS9/SIv+Y3Rt93/UjPpDpklB5f1er4O3POIbUuUJ3FXgqte2Q7SrU6zAqwk8w=="
    },
    "pinkie-promise@2.0.1": {
      "integrity": "sha512-0Gni6D4UcLTbv9c57DfxDGdr41XfgUjqWZu492f0cIGr16zDU06BWP/RAEvOuo7CQ0CNjHaLlM59YJJFm3NWlw==",
      "dependencies": [
        "pinkie"
      ]
    },
    "pinkie@2.0.4": {
      "integrity": "sha512-MnUuEycAemtSaeFSjXKW/aroV7akBbY+Sv+RkyqFjgAe73F+MR0TBWKBRDkmfWq/HiFmdavfZ1G7h4SPZXaCSg=="
    },
    "process-nextick-args@1.0.7": {
      "integrity": "sha512-yN0WQmuCX63LP/TMvAg31nvT6m4vDqJEiiv2CAZqWOGNWutc9DfDk1NPYYmKUFmaVM2UwDowH4u5AHWYP/jxKw=="
    },
    "process-nextick-args@2.0.1": {
      "integrity": "sha512-3ouUOpQhtgrbOa17J7+uxOTpITYWaGP7/AhoR3+A+/1e9skrzelGi/dXzEYyvbxubEF6Wn2ypscTKiKJFFn1ag=="
    },
    "promzard@0.3.0": {
      "integrity": "sha512-JZeYqd7UAcHCwI+sTOeUDYkvEU+1bQ7iE0UT1MgB/tERkAPkesW46MrpIySzODi+owTjZtiF8Ay5j9m60KmMBw==",
      "dependencies": [
        "read"
      ]
    },
    "proto-list@1.2.4": {
      "integrity": "sha512-vtK/94akxsTMhe0/cbfpR+syPuszcuwhqVjJq26CuNDgFGj682oRBXOP5MJpv2r7JtE8MsiepGIqvvOTBwn2vA=="
    },
    "pseudomap@1.0.2": {
      "integrity": "sha512-b/YwNhb8lk1Zz2+bXXpS/LK9OisiZZ1SNsSLxN1x2OXVEhW2Ckr/7mWE5vrC1ZTiJlD9g19jWszTmJsB+oEpFQ=="
    },
    "publish@0.6.0": {
      "integrity": "sha512-eP+7Jvysc11/mG2pCHewDYn10UJsJV3CzgYnu4EHufs/ksTNVM3R/jPC4sZmNxJKdNJmFBw5Uuy2Az+19PJR8w==",
      "dependencies": [
        "nopt",
        "npm",
        "npmlog@1.2.1",
        "semver@4.3.6"
      ],
      "bin": true
    },
    "punycode@1.4.1": {
      "integrity": "sha512-jmYNElW7yvO7TV33CjSmvSiE2yco3bV2czu/OzDKdMNVZQWfxCblURLhf+47syQRBntjfLdd/H0egrzIG+oaFQ=="
    },
    "qs@6.2.4": {
      "integrity": "sha512-E57gmgKXqDda+qWTkUJgIwgJICK7zgMfqZZopTRKZ6mY9gzLlmJN9EpXNnDrTxXFlOM/a+I28kJkF/60rqgnYw=="
    },
    "read-installed@4.0.3": {
      "integrity": "sha512-O03wg/IYuV/VtnK2h/KXEt9VIbMUFbk3ERG0Iu4FhLZw0EP0T9znqrYDGn6ncbEsXUFaUjiVAWXHzxwt3lhRPQ==",
      "dependencies": [
        "debuglog",
        "read-package-json",
        "readdir-scoped-modules",
        "semver@5.3.0",
        "slide",
        "util-extend"
      ],
      "optionalDependencies": [
        "graceful-fs"
      ],
      "deprecated": true
    },
    "read-package-json@2.0.13": {
      "integrity": "sha512-/1dZ7TRZvGrYqE0UAfN6qQb5GYBsNcqS1C0tNK601CFOJmtHI7NIGXwetEPU/OtoFHZL3hDxm4rolFFVE9Bnmg==",
      "dependencies": [
        "glob@7.2.3",
        "json-parse-better-errors",
        "normalize-package-data",
        "slash"
      ],
      "optionalDependencies": [
        "graceful-fs"
      ],
      "deprecated": true
    },
    "read@1.0.7": {
      "integrity": "sha512-rSOKNYUmaxy0om1BNjMN4ezNT6VKK+2xF4GBhc81mkH7L60i6dp8qPYrkndNLT3QPphoII3maL9PVC9XmhHwVQ==",
      "dependencies": [
        "mute-stream"
      ]
    },
    "readable-stream@2.0.6": {
      "integrity": "sha512-TXcFfb63BQe1+ySzsHZI/5v1aJPCShfqvWJ64ayNImXMsN1Cd0YGk/wm8KB7/OeessgPc9QvS9Zou8QTkFzsLw==",
      "dependencies": [
        "core-util-is@1.0.3",
        "inherits",
        "isarray",
        "process-nextick-args@1.0.7",
        "string_decoder@0.10.31",
        "util-deprecate"
      ]
    },
    "readable-stream@2.1.5": {
      "integrity": "sha512-NkXT2AER7VKXeXtJNSaWLpWIhmtSE3K2PguaLEeWr4JILghcIKqoLt1A3wHrnpDC5+ekf8gfk1GKWkFXe4odMw==",
      "dependencies": [
        "buffer-shims",
        "core-util-is@1.0.3",
        "inherits",
        "isarray",
        "process-nextick-args@1.0.7",
        "string_decoder@0.10.31",
        "util-deprecate"
      ]
    },
    "readable-stream@2.3.8": {
      "integrity": "sha512-8p0AUk4XODgIewSi0l8Epjs+EVnWiK7NoDIEGU0HhE7+ZyY8D1IMY7odu5lRrFXGg71L15KG8QrPmum45RTtdA==",
      "dependencies": [
        "core-util-is@1.0.3",
        "inherits",
        "isarray",
        "process-nextick-args@2.0.1",
        "safe-buffer",
        "string_decoder@1.1.1",
        "util-deprecate"
      ]
    },
    "readdir-scoped-modules@1.1.0": {
      "integrity": "sha512-asaikDeqAQg7JifRsZn1NJZXo9E+VwlyCfbkZhwyISinqk5zNS6266HS5kah6P0SaQKGF6SkNnZVHUzHFYxYDw==",
      "dependencies": [
        "debuglog",
        "dezalgo",
        "graceful-fs",
        "once"
      ],
      "deprecated": true
    },
    "realize-package-specifier@3.0.3": {
      "integrity": "sha512-BwF/SVs7c0BFrh9DI5ovZKu1r95uYPwOcj/LlzKW2rNs+HgivxIN0f/RAtNCl+2++RB/tKI1uz63IMzWD1OqIg==",
      "dependencies": [
        "dezalgo",
        "npm-package-arg"
      ],
      "deprecated": true
    },
    "request@2.74.0": {
      "integrity": "sha512-m3uMovC42y63jXe/Sr49/qJdqpSYwQAgYIc487l0zSXI6Z6f5cV/V4a86h2Z+AAwKpt5bfB66KrZxOfOSdh6FQ==",
      "dependencies": [
        "aws-sign2",
        "aws4",
        "bl",
        "caseless",
        "combined-stream",
        "extend",
        "forever-agent",
        "form-data",
        "har-validator",
        "hawk",
        "http-signature",
        "is-typedarray",
        "isstream",
        "json-stringify-safe",
        "mime-types",
        "node-uuid",
        "oauth-sign",
        "qs",
        "stringstream",
        "tough-cookie",
        "tunnel-agent"
      ],
      "deprecated": true
    },
    "retry@0.10.1": {
      "integrity": "sha512-ZXUSQYTHdl3uS7IuCehYfMzKyIDBNoAuUblvy5oGO5UJSUTmStUUVPXbA9Qxd173Bgre53yCQczQuHgRWAdvJQ=="
    },
    "rimraf@2.5.4": {
      "integrity": "sha512-Lw7SHMjssciQb/rRz7JyPIy9+bbUshEucPoLRvWqy09vC5zQixl8Uet+Zl+SROBB/JMWHJRdCk1qdxNWHNMvlQ==",
      "dependencies": [
        "glob@7.2.3"
      ],
      "deprecated": true,
      "bin": true
    },
    "safe-buffer@5.1.2": {
      "integrity": "sha512-Gd2UZBJDkXlY7GbJxfsE8/nvKkUEU1G38c1siN6QP6a9PT9MmHB8GnpscSmMJSoF8LOIrt8ud/wPtojys4G6+g=="
    },
    "safer-buffer@2.1.2": {
      "integrity": "sha512-YZo3K82SD7Riyi0E1EQPojLz7kpepnSQI9IyPbHHg1XXXevb5dJI7tpyN2ADxGcQbHG7vcyRHk0cbwqcQriUtg=="
    },
    "semver@4.3.6": {
      "integrity": "sha512-IrpJ+yoG4EOH8DFWuVg+8H1kW1Oaof0Wxe7cPcXW3x9BjkN/eVo54F15LyqemnDIUYskQWr9qvl/RihmSy6+xQ==",
      "bin": true
    },
    "semver@5.1.1": {
      "integrity": "sha512-bNx9Zdbi1OUN62PbKeG4IgGG8YILX/nkHJ0NQEBwg5FmX8qTJfqhYd3reqkm0DxHCC8nkazb6UjNiBSHCBWVtA==",
      "bin": true
    },
    "semver@5.3.0": {
      "integrity": "sha512-mfmm3/H9+67MCVix1h+IXTpDwL6710LyHuk7+cWC9T1mE0qz4iHhh6r4hU2wrIT9iTsAAC2XQRvfblL028cpLw==",
      "bin": true
    },
    "sha@2.0.1": {
      "integrity": "sha512-Lj/GiNro+/4IIvhDvTo2HDqTmQkbqgg/O3lbkM5lMgagriGPpWamxtq1KJPx7mCvyF1/HG6Hs7zaYaj4xpfXbA==",
      "dependencies": [
        "graceful-fs",
        "readable-stream@2.1.5"
      ]
    },
    "signal-exit@3.0.7": {
      "integrity": "sha512-wnD2ZE+l+SPC/uoS0vXeE9L1+0wuaMqKlfz9AMUo38JsyLSBWSFcHR1Rri62LZc12vLr1gb3jl7iwQhgwpAbGQ=="
    },
    "slash@1.0.0": {
      "integrity": "sha512-3TYDR7xWt4dIqV2JauJr+EJeW356RXijHeUlO+8djJ+uBXPn8/2dpzBc8yQhh583sVvc9CvFAeQVgijsH+PNNg=="
    },
    "slide@1.1.6": {
      "integrity": "sha512-NwrtjCg+lZoqhFU8fOwl4ay2ei8PaqCBOUV3/ektPY9trO1yQ1oXEfmHAhKArUVUr/hOHvy5f6AdP17dCM0zMw=="
    },
    "sntp@1.0.9": {
      "integrity": "sha512-7bgVOAnPj3XjrKY577S+puCKGCRlUrcrEdsMeRXlg9Ghf5df/xNi6sONUa43WrHUd3TjJBF7O04jYoiY0FVa0A==",
      "dependencies": [
        "hoek"
      ],
      "deprecated": true
    },
    "sorted-object@2.0.1": {
      "integrity": "sha512-oKAAs26HeTu3qbawzUGCkTOBv/5MRrcuJyRWwbfEnWdpXnXsj+WEM3HTvarV73tMcf9uBEZNZoNDVRL62VLxzA=="
    },
    "spdx-correct@3.2.0": {
      "integrity": "sha512-kN9dJbvnySHULIluDHy32WHRUu3Og7B9sbY7tsFLctQkIqnMh3hErYgdMjTYuqmcXX+lK5T1lnUt3G7zNswmZA==",
      "dependencies": [
        "spdx-expression-parse",
        "spdx-license-ids@3.0.21"
      ]
    },
    "spdx-exceptions@2.5.0": {
      "integrity": "sha512-PiU42r+xO4UbUS1buo3LPJkjlO7430Xn5SVAhdpzzsPHsjbYVflnnFdATgabnLude+Cqu25p6N+g2lw/PFsa4w=="
    },
    "spdx-expression-parse@3.0.1": {
      "integrity": "sha512-cbqHunsQWnJNE6KhVSMsMeH5H/L9EpymbzqTQ3uLwNCLZ1Q481oWaofqH7nO6V07xlXwY6PhQdQ2IedWx/ZK4Q==",
      "dependencies": [
        "spdx-exceptions",
        "spdx-license-ids@3.0.21"
      ]
    },
    "spdx-license-ids@1.2.2": {
      "integrity": "sha512-qIBFhkh6ILCWNeWEe3ODFPKDYhPJrZpqdNCI2Z+w9lNdH5hoVEkfRLLbRfoIi8fb4xRYmpEOaaMH4G2pwYp/iQ=="
    },
    "spdx-license-ids@3.0.21": {
      "integrity": "sha512-Bvg/8F5XephndSK3JffaRqdT+gyhfqIPwDHpX80tJrF8QQRYMo8sNMeaZ2Dp5+jhwKnUmIOyFFQfHRkjJm5nXg=="
    },
    "sshpk@1.18.0": {
      "integrity": "sha512-2p2KJZTSqQ/I3+HX42EpYOa2l3f8Erv8MWKsy2I9uf4wA7yFIkXRffYdsx86y6z4vHtV8u7g+pPlr8/4ouAxsQ==",
      "dependencies": [
        "asn1",
        "assert-plus@1.0.0",
        "bcrypt-pbkdf",
        "dashdash",
        "ecc-jsbn",
        "getpass",
        "jsbn",
        "safer-buffer",
        "tweetnacl"
      ],
      "bin": true
    },
    "string_decoder@0.10.31": {
      "integrity": "sha512-ev2QzSzWPYmy9GuqfIVildA4OdcGLeFZQrq5ys6RtiuF+RQQiZWr8TZNyAcuVXyQRYfEO+MsoB/1BuQVhOJuoQ=="
    },
    "string_decoder@1.1.1": {
      "integrity": "sha512-n/ShnvDi6FHbbVfviro+WojiFzv+s8MPMHBczVePfUpDJLwoLT0ht1l4YwBCbi8pJAveEEdnkHyPyTP/mzRfwg==",
      "dependencies": [
        "safe-buffer"
      ]
    },
    "stringstream@0.0.6": {
      "integrity": "sha512-87GEBAkegbBcweToUrdzf3eLhWNg06FJTebl4BVJz/JgWy8CvEr9dRtX5qWphiynMSQlxxi+QqN0z5T32SLlhA=="
    },
    "strip-ansi@3.0.1": {
      "integrity": "sha512-VhumSSbBqDTP8p2ZLKj40UjBCV4+v8bUSEpUb4KjRgWk9pbqGF4REFj6KEagidb2f/M6AzC0EmFyDNGaw9OCzg==",
      "dependencies": [
        "ansi-regex@2.1.1"
      ]
    },
    "supports-color@2.0.0": {
      "integrity": "sha512-KKNVtd6pCYgPIKU4cp2733HWYCpplQhddZLBUryaAHou723x+FRzQ5Df824Fj+IyyuiQTRoub4SnIFfIcrp70g=="
    },
    "tar@2.2.2": {
      "integrity": "sha512-FCEhQ/4rE1zYv9rYXJw/msRqsnmlje5jHP6huWeBZ704jUTy02c5AZyWujpMR1ax6mVw9NyJMfuK2CMDWVIfgA==",
      "dependencies": [
        "block-stream",
        "fstream",
        "inherits"
      ],
      "deprecated": true
    },
    "text-table@0.2.0": {
      "integrity": "sha512-N+8UisAXDGk8PFXP4HAzVR9nbfmVJ3zYLAWiTIoqC5v5isinhr+r5uaO8+7r3BMfuNIufIsA7RdpVgacC2cSpw=="
    },
    "tough-cookie@2.3.4": {
      "integrity": "sha512-TZ6TTfI5NtZnuyy/Kecv+CnoROnyXn2DN97LontgQpCwsX2XyLYCC0ENhYkehSOwAp8rTQKc/NUIF7BkQ5rKLA==",
      "dependencies": [
        "punycode"
      ]
    },
    "tunnel-agent@0.4.3": {
      "integrity": "sha512-e0IoVDWx8SDHc/hwFTqJDQ7CCDTEeGhmcT9jkWJjoGQSpgBz20nAMr80E3Tpk7PatJ1b37DQDgJR3CNSzcMOZQ=="
    },
    "tweetnacl@0.14.5": {
      "integrity": "sha512-KXXFFdAbFXY4geFIwoyNK+f5Z1b7swfXABfL7HXCmoIWMKU3dmS26672A4EeQtDzLKy7SXmfBu51JolvEKwtGA=="
    },
    "typedarray@0.0.6": {
      "integrity": "sha512-/aCDEGatGvZ2BIk+HmLf4ifCJFwvKFNb9/JeZPMulfgFracn9QFcAf5GO8B/mweUjSoblS5In0cWhqpfs/5PQA=="
    },
    "uid-number@0.0.6": {
      "integrity": "sha512-c461FXIljswCuscZn67xq9PpszkPT6RjheWFQTgCyabJrTUozElanb0YEqv2UGgk247YpcJkFBuSGNvBlpXM9w==",
      "deprecated": true
    },
    "umask@1.1.0": {
      "integrity": "sha512-lE/rxOhmiScJu9L6RTNVgB/zZbF+vGC0/p6D3xnkAePI2o0sMyFG966iR5Ki50OI/0mNi2yaRnxfLsPmEZF/JA=="
    },
    "util-deprecate@1.0.2": {
      "integrity": "sha512-EPD5q1uXyFxJpCrLnCc1nHnq3gOa6DZBocAIiI2TaSCA7VCJ1UJDMagCzIkXNsUYfD1daK//LTEQ8xiIbrHtcw=="
    },
    "util-extend@1.0.3": {
      "integrity": "sha512-mLs5zAK+ctllYBj+iAQvlDCwoxU/WDOUaJkcFudeiAX6OajC6BKXJUa9a+tbtkC11dz2Ufb7h0lyvIOVn4LADA=="
    },
    "validate-npm-package-license@3.0.4": {
      "integrity": "sha512-DpKm2Ui/xN7/HQKCtpZxoRWBhZ9Z0kqtygG8XCgNQ8ZlDnxuQmWhj566j8fN4Cu3/JmbhsDo7fcAJq4s9h27Ew==",
      "dependencies": [
        "spdx-correct",
        "spdx-expression-parse"
      ]
    },
    "validate-npm-package-name@2.2.2": {
      "integrity": "sha512-zt38kWHt0j/tv8ZKqZB5lEVT3A41JarczU/ib7L+OXZFAjC2l9kPeujQI1m4smU1nmSwF06MqEetltqVkDmnuQ==",
      "dependencies": [
        "builtins@0.0.7"
      ]
    },
    "validate-npm-package-name@3.0.0": {
      "integrity": "sha512-M6w37eVCMMouJ9V/sdPGnC5H4uDr73/+xdq0FBLO3TFFX1+7wiUY6Es328NN+y43tmY+doUdN9g9J21vqB7iLw==",
      "dependencies": [
        "builtins@1.0.3"
      ]
    },
    "verror@1.10.0": {
      "integrity": "sha512-ZZKSmDAEFOijERBLkmYfJ+vmk3w+7hOLYDNkRCuRuMJGEmqYNCNLyBBFwWKVMhfwaEF3WOd0Zlw86U/WC/+nYw==",
      "dependencies": [
        "assert-plus@1.0.0",
        "core-util-is@1.0.2",
        "extsprintf"
      ]
    },
    "wcwidth@1.0.1": {
      "integrity": "sha512-XHPEwS0q6TaxcvG85+8EYkbiCux2XtWG2mkc47Ng2A77BQu9+DqIOJldST4HgPkuea7dvKSj5VgX3P1d4rW8Tg==",
      "dependencies": [
        "defaults"
      ]
    },
    "which@1.2.14": {
      "integrity": "sha512-16uPglFkRPzgiUXYMi1Jf8Z5EzN1iB4V0ZtMXcHZnwsBtQhhHeCqoWw7tsUY42hJGNDWtUsVLTjakIa5BgAxCw==",
      "dependencies": [
        "isexe"
      ],
      "bin": true
    },
    "wrappy@1.0.2": {
      "integrity": "sha512-l4Sp/DRseor9wL6EvV2+TuQn63dMkPjZ/sp9XkghTEbV9KlPS1xUsZ3u7/IQO4wxtcFB4bgpQPRcR3QCvezPcQ=="
    },
    "write-file-atomic@1.1.4": {
      "integrity": "sha512-c5qespPIeoD/YQTLgdOTe9mcjhK0MhK/URjnIlpuF+4Hoec1flfMRcZY+SWrqGHHRC1oGY1VyNC44wiLQgJMiw==",
      "dependencies": [
        "graceful-fs",
        "imurmurhash",
        "slide"
      ]
    },
    "xtend@4.0.2": {
      "integrity": "sha512-LKYU1iAXJXUgAXn9URjiu+MWhyUXHsvfp7mcuYm9dSUKK0/CjtrUwFAxD82/mCWbtLsGjFIad0wIsod4zrTAEQ=="
    },
    "yallist@2.1.2": {
      "integrity": "sha512-ncTzHV7NvsQZkYe1DW7cbDLm0YpzHmZF5r/iyP3ZnQtMiJ+pjzisCiMNI+Sj+xQF5pXhSHxSB3uDbsBTzY/c2A=="
    }
  },
  "workspace": {
    "dependencies": [
      "jsr:@std/assert@^1.0.16",
      "jsr:@std/fs@^1.0.20",
      "jsr:@std/path@^1.1.3"
    ]
  }
}
